PODS:
  - SwiftFormat/CLI (0.44.4)
  - SwiftLint (0.37.0)

DEPENDENCIES:
  - SwiftFormat/CLI
  - SwiftLint

SPEC REPOS:
  trunk:
    - SwiftFormat
    - SwiftLint

SPEC CHECKSUMS:
  SwiftFormat: 8b3c6b69454305a61c221355095f62dacc0811bf
  SwiftLint: c078a14d7d7ade75e5507795d185e3da41d844d2

PODFILE CHECKSUM: b7f194da9b050a197d831ad3e7da15fde18a4580

COCOAPODS: 1.8.4
